
Microsoft Visual Studio Solution File, Format Version 12.00
# Visual Studio 14
VisualStudioVersion = 14.0.25420.1
MinimumVisualStudioVersion = 10.0.40219.1
Project("{FAE04EC0-301F-11D3-BF4B-00C04F79EFBC}") = "LinqExam3", "LinqExam3\LinqExam3.csproj", "{4D39F24F-BD41-4A7F-8F2A-1627859FA6FA}"
EndProject
Project("{2150E333-8FDC-42A3-9474-1A3956D46DE8}") = "Solution Items", "Solution Items", "{ADD6FB27-7C40-46D2-9823-BE9555216FC8}"
	ProjectSection(SolutionItems) = preProject
		.gitignore = .gitignore
		LICENSE.txt = LICENSE.txt
	EndProjectSection
EndProject
Global
	GlobalSection(SolutionConfigurationPlatforms) = preSolution
		Debug|Any CPU = Debug|Any CPU
		Release|Any CPU = Release|Any CPU
	EndGlobalSection
	GlobalSection(ProjectConfigurationPlatforms) = postSolution
		{4D39F24F-BD41-4A7F-8F2A-1627859FA6FA}.Debug|Any CPU.ActiveCfg = Debug|Any CPU
		{4D39F24F-BD41-4A7F-8F2A-1627859FA6FA}.Debug|Any CPU.Build.0 = Debug|Any CPU
		{4D39F24F-BD41-4A7F-8F2A-1627859FA6FA}.Release|Any CPU.ActiveCfg = Release|Any CPU
		{4D39F24F-BD41-4A7F-8F2A-1627859FA6FA}.Release|Any CPU.Build.0 = Release|Any CPU
	EndGlobalSection
	GlobalSection(SolutionProperties) = preSolution
		HideSolutionNode = FALSE
	EndGlobalSection
EndGlobal
